<?xml version="1.0" encoding="utf-8"?>
<Project ToolsVersion="4.0" xmlns="http://schemas.microsoft.com/developer/msbuild/2003">
  <ItemGroup>
    <Filter Include="lib">
      <UniqueIdentifier>{9a07871f-9cb4-4968-900c-1547a06d0c68}</UniqueIdentifier>
    </Filter>
    <Filter Include="maf">
      <UniqueIdentifier>{38dedcf9-c36d-4caf-940a-1c8942e366cd}</UniqueIdentifier>
    </Filter>
    <Filter Include="mtf">
      <UniqueIdentifier>{bf58faa7-61a4-4550-9a17-9b5d69b1547d}</UniqueIdentifier>
    </Filter>
  </ItemGroup>
  <ItemGroup>
    <ClCompile Include="..\_third_part\algorithm\MAF\interface\pcm\MAFAA_PcmMux.cpp">
      <Filter>maf</Filter>
    </ClCompile>
    <ClCompile Include="..\_third_part\algorithm\MAF\interface\pcm\MAFAA_PcmDemux.cpp">
      <Filter>maf</Filter>
    </ClCompile>
    <ClCompile Include="..\_third_part\algorithm\MTF\interface\pcm\MTF.PcmDemuxer.cpp">
      <Filter>mtf</Filter>
    </ClCompile>
    <ClCompile Include="..\_third_part\algorithm\MTF\interface\pcm\MTF.PcmMuxer.cpp">
      <Filter>mtf</Filter>
    </ClCompile>
  </ItemGroup>
  <ItemGroup>
    <ClInclude Include="..\_third_part\algorithm\MAF\interface\pcm\MAFAA_PcmMux.h">
      <Filter>maf</Filter>
    </ClInclude>
    <ClInclude Include="..\_third_part\algorithm\MAF\interface\pcm\MAFAA_PcmDemux.h">
      <Filter>maf</Filter>
    </ClInclude>
    <ClInclude Include="..\_third_part\algorithm\MTF\interface\pcm\MTF.PcmMuxer.h">
      <Filter>mtf</Filter>
    </ClInclude>
    <ClInclude Include="..\_third_part\algorithm\MTF\interface\pcm\MTF.PcmDemuxer.h">
      <Filter>mtf</Filter>
    </ClInclude>
  </ItemGroup>
</Project>