<?xml version="1.0" encoding="utf-8"?>
<Project ToolsVersion="4.0" xmlns="http://schemas.microsoft.com/developer/msbuild/2003">
  <ItemGroup>
    <Filter Include="inc">
      <UniqueIdentifier>{cf460c9a-99cf-4fd5-9dbf-24fdf8e54ef5}</UniqueIdentifier>
    </Filter>
    <Filter Include="src">
      <UniqueIdentifier>{2a1fe157-7b9c-46a9-95be-5b8b353ead39}</UniqueIdentifier>
    </Filter>
  </ItemGroup>
  <ItemGroup>
    <ClCompile Include="codec_test.cpp">
      <Filter>src</Filter>
    </ClCompile>
    <ClCompile Include="test1.cpp">
      <Filter>src</Filter>
    </ClCompile>
  </ItemGroup>
  <ItemGroup>
    <ClInclude Include="test.h">
      <Filter>inc</Filter>
    </ClInclude>
  </ItemGroup>
</Project>