<?xml version="1.0" encoding="utf-8"?>
<Project ToolsVersion="4.0" xmlns="http://schemas.microsoft.com/developer/msbuild/2003">
  <ItemGroup>
    <Filter Include="base">
      <UniqueIdentifier>{bf219c2e-eaf2-4885-88d5-f5955c89d230}</UniqueIdentifier>
    </Filter>
  </ItemGroup>
  <ItemGroup>
    <ClCompile Include="..\_third_part\algorithm\MAF\base\MAF_Printf.cpp">
      <Filter>base</Filter>
    </ClCompile>
    <ClCompile Include="..\_third_part\algorithm\MAF\base\MAFA_Audio.cpp">
      <Filter>base</Filter>
    </ClCompile>
    <ClCompile Include="..\_third_part\algorithm\MAF\base\MAF.Objects.cpp">
      <Filter>base</Filter>
    </ClCompile>
    <ClCompile Include="..\_third_part\algorithm\MAF\base\MAF_Algorithm.cpp">
      <Filter>base</Filter>
    </ClCompile>
    <ClCompile Include="..\_third_part\algorithm\MAF\base\MAF_Memory.cpp">
      <Filter>base</Filter>
    </ClCompile>
    <ClCompile Include="..\_third_part\algorithm\MAF\AudioAlgorithm.cpp" />
  </ItemGroup>
  <ItemGroup>
    <ClInclude Include="..\_third_part\algorithm\MAF\base\MAF_Memory.h">
      <Filter>base</Filter>
    </ClInclude>
    <ClInclude Include="..\_third_part\algorithm\MAF\base\MAF_Printf.h">
      <Filter>base</Filter>
    </ClInclude>
    <ClInclude Include="..\_third_part\algorithm\MAF\base\MAFA_Audio.h">
      <Filter>base</Filter>
    </ClInclude>
    <ClInclude Include="..\_third_part\algorithm\MAF\base\MAF.Objects.h">
      <Filter>base</Filter>
    </ClInclude>
    <ClInclude Include="..\_third_part\algorithm\MAF\base\MAF_Algorithm.h">
      <Filter>base</Filter>
    </ClInclude>
    <ClInclude Include="..\_third_part\algorithm\MAF\AudioAlgorithm.h" />
  </ItemGroup>
</Project>