
Microsoft Visual Studio Solution File, Format Version 12.00
# Visual Studio Version 17
VisualStudioVersion = 17.3.32804.467
MinimumVisualStudioVersion = 10.0.40219.1
Project("{8BC9CEB8-8B4A-11D0-8D11-00A0C91BC942}") = "Opus", "Opus\Opus.vcxproj", "{07552B07-F9EB-458D-A001-273EA3DCA071}"
EndProject
Project("{8BC9CEB8-8B4A-11D0-8D11-00A0C91BC942}") = "Test", "Test\Test.vcxproj", "{BC0A007D-4E51-4389-B2E8-616257BE77F5}"
	ProjectSection(ProjectDependencies) = postProject
		{07552B07-F9EB-458D-A001-273EA3DCA071} = {07552B07-F9EB-458D-A001-273EA3DCA071}
		{12838396-4F93-40A8-9600-6763E14E6451} = {12838396-4F93-40A8-9600-6763E14E6451}
		{84851C7D-F07E-4866-848E-8CF1F31C34C2} = {84851C7D-F07E-4866-848E-8CF1F31C34C2}
		{866072FD-9F65-4BB8-944C-2B189BEC4930} = {866072FD-9F65-4BB8-944C-2B189BEC4930}
		{DA8382D8-919D-4E69-B2F9-548E4D94BC19} = {DA8382D8-919D-4E69-B2F9-548E4D94BC19}
	EndProjectSection
EndProject
Project("{8BC9CEB8-8B4A-11D0-8D11-00A0C91BC942}") = "Plc", "Plc\Plc.vcxproj", "{DA8382D8-919D-4E69-B2F9-548E4D94BC19}"
	ProjectSection(ProjectDependencies) = postProject
		{1F1879AA-562F-4308-891D-C1645FEFFE8D} = {1F1879AA-562F-4308-891D-C1645FEFFE8D}
		{84851C7D-F07E-4866-848E-8CF1F31C34C2} = {84851C7D-F07E-4866-848E-8CF1F31C34C2}
		{866072FD-9F65-4BB8-944C-2B189BEC4930} = {866072FD-9F65-4BB8-944C-2B189BEC4930}
	EndProjectSection
EndProject
Project("{8BC9CEB8-8B4A-11D0-8D11-00A0C91BC942}") = "Ogg", "Ogg\Ogg.vcxproj", "{BACB882D-02DC-4C4A-8EA5-8E3013246E9A}"
EndProject
Project("{8BC9CEB8-8B4A-11D0-8D11-00A0C91BC942}") = "MAF", "MAF\MAF.vcxproj", "{84851C7D-F07E-4866-848E-8CF1F31C34C2}"
EndProject
Project("{8BC9CEB8-8B4A-11D0-8D11-00A0C91BC942}") = "MTF", "MTF\MTF.vcxproj", "{866072FD-9F65-4BB8-944C-2B189BEC4930}"
EndProject
Project("{8BC9CEB8-8B4A-11D0-8D11-00A0C91BC942}") = "Pcm", "Pcm\Pcm.vcxproj", "{1F1879AA-562F-4308-891D-C1645FEFFE8D}"
	ProjectSection(ProjectDependencies) = postProject
		{84851C7D-F07E-4866-848E-8CF1F31C34C2} = {84851C7D-F07E-4866-848E-8CF1F31C34C2}
		{866072FD-9F65-4BB8-944C-2B189BEC4930} = {866072FD-9F65-4BB8-944C-2B189BEC4930}
	EndProjectSection
EndProject
Project("{8BC9CEB8-8B4A-11D0-8D11-00A0C91BC942}") = "Algo", "MTF_demo\MTF_demo.vcxproj", "{12838396-4F93-40A8-9600-6763E14E6451}"
	ProjectSection(ProjectDependencies) = postProject
		{1F1879AA-562F-4308-891D-C1645FEFFE8D} = {1F1879AA-562F-4308-891D-C1645FEFFE8D}
		{84851C7D-F07E-4866-848E-8CF1F31C34C2} = {84851C7D-F07E-4866-848E-8CF1F31C34C2}
		{866072FD-9F65-4BB8-944C-2B189BEC4930} = {866072FD-9F65-4BB8-944C-2B189BEC4930}
	EndProjectSection
EndProject
Project("{8BC9CEB8-8B4A-11D0-8D11-00A0C91BC942}") = "AudioSpeedCtr", "AudioSpeedCtr\AudioSpeedCtr.vcxproj", "{3C9D8944-BCCC-4A3A-8DA5-769CF68A143A}"
EndProject
Project("{8BC9CEB8-8B4A-11D0-8D11-00A0C91BC942}") = "Resample", "Resample\Resample.vcxproj", "{D2DF5885-67B5-4DE0-BB8C-76BA89394566}"
EndProject
Project("{8BC9CEB8-8B4A-11D0-8D11-00A0C91BC942}") = "Wav", "Wav\Wav.vcxproj", "{975753F4-B68E-4AFC-B1E0-E1C758F92754}"
EndProject
Project("{8BC9CEB8-8B4A-11D0-8D11-00A0C91BC942}") = "Ape", "Ape\Ape.vcxproj", "{120A135B-4FBF-4FA6-ACE5-AD408E37E084}"
	ProjectSection(ProjectDependencies) = postProject
		{975753F4-B68E-4AFC-B1E0-E1C758F92754} = {975753F4-B68E-4AFC-B1E0-E1C758F92754}
	EndProjectSection
EndProject
Project("{8BC9CEB8-8B4A-11D0-8D11-00A0C91BC942}") = "Sbc", "Sbc\Sbc.vcxproj", "{D769E036-017B-4FE5-8420-61848C20465B}"
EndProject
Project("{8BC9CEB8-8B4A-11D0-8D11-00A0C91BC942}") = "H265", "H265\H265.vcxproj", "{652676CE-9F54-4F87-9426-2E06CC23E194}"
EndProject
Global
	GlobalSection(SolutionConfigurationPlatforms) = preSolution
		Debug|x64 = Debug|x64
		Debug|x86 = Debug|x86
		Release|x64 = Release|x64
		Release|x86 = Release|x86
	EndGlobalSection
	GlobalSection(ProjectConfigurationPlatforms) = postSolution
		{07552B07-F9EB-458D-A001-273EA3DCA071}.Debug|x64.ActiveCfg = Debug|x64
		{07552B07-F9EB-458D-A001-273EA3DCA071}.Debug|x64.Build.0 = Debug|x64
		{07552B07-F9EB-458D-A001-273EA3DCA071}.Debug|x86.ActiveCfg = Debug|Win32
		{07552B07-F9EB-458D-A001-273EA3DCA071}.Debug|x86.Build.0 = Debug|Win32
		{07552B07-F9EB-458D-A001-273EA3DCA071}.Release|x64.ActiveCfg = Release|x64
		{07552B07-F9EB-458D-A001-273EA3DCA071}.Release|x64.Build.0 = Release|x64
		{07552B07-F9EB-458D-A001-273EA3DCA071}.Release|x86.ActiveCfg = Release|Win32
		{07552B07-F9EB-458D-A001-273EA3DCA071}.Release|x86.Build.0 = Release|Win32
		{BC0A007D-4E51-4389-B2E8-616257BE77F5}.Debug|x64.ActiveCfg = Debug|x64
		{BC0A007D-4E51-4389-B2E8-616257BE77F5}.Debug|x64.Build.0 = Debug|x64
		{BC0A007D-4E51-4389-B2E8-616257BE77F5}.Debug|x86.ActiveCfg = Debug|Win32
		{BC0A007D-4E51-4389-B2E8-616257BE77F5}.Debug|x86.Build.0 = Debug|Win32
		{BC0A007D-4E51-4389-B2E8-616257BE77F5}.Release|x64.ActiveCfg = Release|x64
		{BC0A007D-4E51-4389-B2E8-616257BE77F5}.Release|x64.Build.0 = Release|x64
		{BC0A007D-4E51-4389-B2E8-616257BE77F5}.Release|x86.ActiveCfg = Release|Win32
		{BC0A007D-4E51-4389-B2E8-616257BE77F5}.Release|x86.Build.0 = Release|Win32
		{DA8382D8-919D-4E69-B2F9-548E4D94BC19}.Debug|x64.ActiveCfg = Debug|x64
		{DA8382D8-919D-4E69-B2F9-548E4D94BC19}.Debug|x64.Build.0 = Debug|x64
		{DA8382D8-919D-4E69-B2F9-548E4D94BC19}.Debug|x86.ActiveCfg = Debug|Win32
		{DA8382D8-919D-4E69-B2F9-548E4D94BC19}.Debug|x86.Build.0 = Debug|Win32
		{DA8382D8-919D-4E69-B2F9-548E4D94BC19}.Release|x64.ActiveCfg = Release|x64
		{DA8382D8-919D-4E69-B2F9-548E4D94BC19}.Release|x64.Build.0 = Release|x64
		{DA8382D8-919D-4E69-B2F9-548E4D94BC19}.Release|x86.ActiveCfg = Release|Win32
		{DA8382D8-919D-4E69-B2F9-548E4D94BC19}.Release|x86.Build.0 = Release|Win32
		{BACB882D-02DC-4C4A-8EA5-8E3013246E9A}.Debug|x64.ActiveCfg = Debug|x64
		{BACB882D-02DC-4C4A-8EA5-8E3013246E9A}.Debug|x64.Build.0 = Debug|x64
		{BACB882D-02DC-4C4A-8EA5-8E3013246E9A}.Debug|x86.ActiveCfg = Debug|Win32
		{BACB882D-02DC-4C4A-8EA5-8E3013246E9A}.Debug|x86.Build.0 = Debug|Win32
		{BACB882D-02DC-4C4A-8EA5-8E3013246E9A}.Release|x64.ActiveCfg = Release|x64
		{BACB882D-02DC-4C4A-8EA5-8E3013246E9A}.Release|x64.Build.0 = Release|x64
		{BACB882D-02DC-4C4A-8EA5-8E3013246E9A}.Release|x86.ActiveCfg = Release|Win32
		{BACB882D-02DC-4C4A-8EA5-8E3013246E9A}.Release|x86.Build.0 = Release|Win32
		{84851C7D-F07E-4866-848E-8CF1F31C34C2}.Debug|x64.ActiveCfg = Debug|x64
		{84851C7D-F07E-4866-848E-8CF1F31C34C2}.Debug|x64.Build.0 = Debug|x64
		{84851C7D-F07E-4866-848E-8CF1F31C34C2}.Debug|x86.ActiveCfg = Debug|Win32
		{84851C7D-F07E-4866-848E-8CF1F31C34C2}.Debug|x86.Build.0 = Debug|Win32
		{84851C7D-F07E-4866-848E-8CF1F31C34C2}.Release|x64.ActiveCfg = Release|x64
		{84851C7D-F07E-4866-848E-8CF1F31C34C2}.Release|x64.Build.0 = Release|x64
		{84851C7D-F07E-4866-848E-8CF1F31C34C2}.Release|x86.ActiveCfg = Release|Win32
		{84851C7D-F07E-4866-848E-8CF1F31C34C2}.Release|x86.Build.0 = Release|Win32
		{866072FD-9F65-4BB8-944C-2B189BEC4930}.Debug|x64.ActiveCfg = Debug|x64
		{866072FD-9F65-4BB8-944C-2B189BEC4930}.Debug|x64.Build.0 = Debug|x64
		{866072FD-9F65-4BB8-944C-2B189BEC4930}.Debug|x86.ActiveCfg = Debug|Win32
		{866072FD-9F65-4BB8-944C-2B189BEC4930}.Debug|x86.Build.0 = Debug|Win32
		{866072FD-9F65-4BB8-944C-2B189BEC4930}.Release|x64.ActiveCfg = Release|x64
		{866072FD-9F65-4BB8-944C-2B189BEC4930}.Release|x64.Build.0 = Release|x64
		{866072FD-9F65-4BB8-944C-2B189BEC4930}.Release|x86.ActiveCfg = Release|Win32
		{866072FD-9F65-4BB8-944C-2B189BEC4930}.Release|x86.Build.0 = Release|Win32
		{1F1879AA-562F-4308-891D-C1645FEFFE8D}.Debug|x64.ActiveCfg = Debug|x64
		{1F1879AA-562F-4308-891D-C1645FEFFE8D}.Debug|x64.Build.0 = Debug|x64
		{1F1879AA-562F-4308-891D-C1645FEFFE8D}.Debug|x86.ActiveCfg = Debug|Win32
		{1F1879AA-562F-4308-891D-C1645FEFFE8D}.Debug|x86.Build.0 = Debug|Win32
		{1F1879AA-562F-4308-891D-C1645FEFFE8D}.Release|x64.ActiveCfg = Release|x64
		{1F1879AA-562F-4308-891D-C1645FEFFE8D}.Release|x64.Build.0 = Release|x64
		{1F1879AA-562F-4308-891D-C1645FEFFE8D}.Release|x86.ActiveCfg = Release|Win32
		{1F1879AA-562F-4308-891D-C1645FEFFE8D}.Release|x86.Build.0 = Release|Win32
		{12838396-4F93-40A8-9600-6763E14E6451}.Debug|x64.ActiveCfg = Debug|x64
		{12838396-4F93-40A8-9600-6763E14E6451}.Debug|x64.Build.0 = Debug|x64
		{12838396-4F93-40A8-9600-6763E14E6451}.Debug|x86.ActiveCfg = Debug|Win32
		{12838396-4F93-40A8-9600-6763E14E6451}.Debug|x86.Build.0 = Debug|Win32
		{12838396-4F93-40A8-9600-6763E14E6451}.Release|x64.ActiveCfg = Release|x64
		{12838396-4F93-40A8-9600-6763E14E6451}.Release|x64.Build.0 = Release|x64
		{12838396-4F93-40A8-9600-6763E14E6451}.Release|x86.ActiveCfg = Release|Win32
		{12838396-4F93-40A8-9600-6763E14E6451}.Release|x86.Build.0 = Release|Win32
		{3C9D8944-BCCC-4A3A-8DA5-769CF68A143A}.Debug|x64.ActiveCfg = Debug|x64
		{3C9D8944-BCCC-4A3A-8DA5-769CF68A143A}.Debug|x64.Build.0 = Debug|x64
		{3C9D8944-BCCC-4A3A-8DA5-769CF68A143A}.Debug|x86.ActiveCfg = Debug|Win32
		{3C9D8944-BCCC-4A3A-8DA5-769CF68A143A}.Debug|x86.Build.0 = Debug|Win32
		{3C9D8944-BCCC-4A3A-8DA5-769CF68A143A}.Release|x64.ActiveCfg = Release|x64
		{3C9D8944-BCCC-4A3A-8DA5-769CF68A143A}.Release|x64.Build.0 = Release|x64
		{3C9D8944-BCCC-4A3A-8DA5-769CF68A143A}.Release|x86.ActiveCfg = Release|Win32
		{3C9D8944-BCCC-4A3A-8DA5-769CF68A143A}.Release|x86.Build.0 = Release|Win32
		{D2DF5885-67B5-4DE0-BB8C-76BA89394566}.Debug|x64.ActiveCfg = Debug|x64
		{D2DF5885-67B5-4DE0-BB8C-76BA89394566}.Debug|x64.Build.0 = Debug|x64
		{D2DF5885-67B5-4DE0-BB8C-76BA89394566}.Debug|x86.ActiveCfg = Debug|Win32
		{D2DF5885-67B5-4DE0-BB8C-76BA89394566}.Debug|x86.Build.0 = Debug|Win32
		{D2DF5885-67B5-4DE0-BB8C-76BA89394566}.Release|x64.ActiveCfg = Release|x64
		{D2DF5885-67B5-4DE0-BB8C-76BA89394566}.Release|x64.Build.0 = Release|x64
		{D2DF5885-67B5-4DE0-BB8C-76BA89394566}.Release|x86.ActiveCfg = Release|Win32
		{D2DF5885-67B5-4DE0-BB8C-76BA89394566}.Release|x86.Build.0 = Release|Win32
		{975753F4-B68E-4AFC-B1E0-E1C758F92754}.Debug|x64.ActiveCfg = Debug|x64
		{975753F4-B68E-4AFC-B1E0-E1C758F92754}.Debug|x64.Build.0 = Debug|x64
		{975753F4-B68E-4AFC-B1E0-E1C758F92754}.Debug|x86.ActiveCfg = Debug|Win32
		{975753F4-B68E-4AFC-B1E0-E1C758F92754}.Debug|x86.Build.0 = Debug|Win32
		{975753F4-B68E-4AFC-B1E0-E1C758F92754}.Release|x64.ActiveCfg = Release|x64
		{975753F4-B68E-4AFC-B1E0-E1C758F92754}.Release|x64.Build.0 = Release|x64
		{975753F4-B68E-4AFC-B1E0-E1C758F92754}.Release|x86.ActiveCfg = Release|Win32
		{975753F4-B68E-4AFC-B1E0-E1C758F92754}.Release|x86.Build.0 = Release|Win32
		{120A135B-4FBF-4FA6-ACE5-AD408E37E084}.Debug|x64.ActiveCfg = Debug|x64
		{120A135B-4FBF-4FA6-ACE5-AD408E37E084}.Debug|x64.Build.0 = Debug|x64
		{120A135B-4FBF-4FA6-ACE5-AD408E37E084}.Debug|x86.ActiveCfg = Debug|Win32
		{120A135B-4FBF-4FA6-ACE5-AD408E37E084}.Debug|x86.Build.0 = Debug|Win32
		{120A135B-4FBF-4FA6-ACE5-AD408E37E084}.Release|x64.ActiveCfg = Release|x64
		{120A135B-4FBF-4FA6-ACE5-AD408E37E084}.Release|x64.Build.0 = Release|x64
		{120A135B-4FBF-4FA6-ACE5-AD408E37E084}.Release|x86.ActiveCfg = Release|Win32
		{120A135B-4FBF-4FA6-ACE5-AD408E37E084}.Release|x86.Build.0 = Release|Win32
		{D769E036-017B-4FE5-8420-61848C20465B}.Debug|x64.ActiveCfg = Debug|x64
		{D769E036-017B-4FE5-8420-61848C20465B}.Debug|x64.Build.0 = Debug|x64
		{D769E036-017B-4FE5-8420-61848C20465B}.Debug|x86.ActiveCfg = Debug|Win32
		{D769E036-017B-4FE5-8420-61848C20465B}.Debug|x86.Build.0 = Debug|Win32
		{D769E036-017B-4FE5-8420-61848C20465B}.Release|x64.ActiveCfg = Release|x64
		{D769E036-017B-4FE5-8420-61848C20465B}.Release|x64.Build.0 = Release|x64
		{D769E036-017B-4FE5-8420-61848C20465B}.Release|x86.ActiveCfg = Release|Win32
		{D769E036-017B-4FE5-8420-61848C20465B}.Release|x86.Build.0 = Release|Win32
		{652676CE-9F54-4F87-9426-2E06CC23E194}.Debug|x64.ActiveCfg = Debug|x64
		{652676CE-9F54-4F87-9426-2E06CC23E194}.Debug|x64.Build.0 = Debug|x64
		{652676CE-9F54-4F87-9426-2E06CC23E194}.Debug|x86.ActiveCfg = Debug|Win32
		{652676CE-9F54-4F87-9426-2E06CC23E194}.Debug|x86.Build.0 = Debug|Win32
		{652676CE-9F54-4F87-9426-2E06CC23E194}.Release|x64.ActiveCfg = Release|x64
		{652676CE-9F54-4F87-9426-2E06CC23E194}.Release|x64.Build.0 = Release|x64
		{652676CE-9F54-4F87-9426-2E06CC23E194}.Release|x86.ActiveCfg = Release|Win32
		{652676CE-9F54-4F87-9426-2E06CC23E194}.Release|x86.Build.0 = Release|Win32
	EndGlobalSection
	GlobalSection(SolutionProperties) = preSolution
		HideSolutionNode = FALSE
	EndGlobalSection
	GlobalSection(ExtensibilityGlobals) = postSolution
		SolutionGuid = {9699F8A8-126A-4B04-A821-ADD98C490313}
	EndGlobalSection
EndGlobal
