
Microsoft Visual Studio Solution File, Format Version 12.00
# Visual Studio Version 17
VisualStudioVersion = 17.3.32804.467
MinimumVisualStudioVersion = 10.0.40219.1
Project("{8BC9CEB8-8B4A-11D0-8D11-00A0C91BC942}") = "M2F", "M2F\M2F.vcxproj", "{9CD33ED0-0D67-4A82-9DCA-B8B6B6A00CB3}"
	ProjectSection(ProjectDependencies) = postProject
		{83EABB48-1151-450D-93F9-7FB62A60910E} = {83EABB48-1151-450D-93F9-7FB62A60910E}
	EndProjectSection
EndProject
Project("{8BC9CEB8-8B4A-11D0-8D11-00A0C91BC942}") = "M2FTest", "M2FTest\M2FTest.vcxproj", "{9F3C2CBC-9584-4323-B474-16D55407E10B}"
	ProjectSection(ProjectDependencies) = postProject
		{07552B07-F9EB-458D-A001-273EA3DCA071} = {07552B07-F9EB-458D-A001-273EA3DCA071}
		{83EABB48-1151-450D-93F9-7FB62A60910E} = {83EABB48-1151-450D-93F9-7FB62A60910E}
		{9CD33ED0-0D67-4A82-9DCA-B8B6B6A00CB3} = {9CD33ED0-0D67-4A82-9DCA-B8B6B6A00CB3}
		{D3DE1871-05F0-46C5-9D66-BEED2C8DC806} = {D3DE1871-05F0-46C5-9D66-BEED2C8DC806}
	EndProjectSection
EndProject
Project("{8BC9CEB8-8B4A-11D0-8D11-00A0C91BC942}") = "AudioCodecTest", "AudioCodecTest\AudioCodecTest.vcxproj", "{83EABB48-1151-450D-93F9-7FB62A60910E}"
EndProject
Project("{8BC9CEB8-8B4A-11D0-8D11-00A0C91BC942}") = "Opus", "Opus\Opus.vcxproj", "{07552B07-F9EB-458D-A001-273EA3DCA071}"
EndProject
Project("{8BC9CEB8-8B4A-11D0-8D11-00A0C91BC942}") = "Silk", "Silk\Silk.vcxproj", "{D3DE1871-05F0-46C5-9D66-BEED2C8DC806}"
EndProject
Project("{8BC9CEB8-8B4A-11D0-8D11-00A0C91BC942}") = "Lc3", "Lc3\Lc3.vcxproj", "{173C1422-D3B8-449B-9543-C02216E493C4}"
EndProject
Project("{8BC9CEB8-8B4A-11D0-8D11-00A0C91BC942}") = "Test", "Test\Test.vcxproj", "{BC0A007D-4E51-4389-B2E8-616257BE77F5}"
	ProjectSection(ProjectDependencies) = postProject
		{07552B07-F9EB-458D-A001-273EA3DCA071} = {07552B07-F9EB-458D-A001-273EA3DCA071}
		{1F1879AA-562F-4308-891D-C1645FEFFE8D} = {1F1879AA-562F-4308-891D-C1645FEFFE8D}
		{84851C7D-F07E-4866-848E-8CF1F31C34C2} = {84851C7D-F07E-4866-848E-8CF1F31C34C2}
		{866072FD-9F65-4BB8-944C-2B189BEC4930} = {866072FD-9F65-4BB8-944C-2B189BEC4930}
		{DA8382D8-919D-4E69-B2F9-548E4D94BC19} = {DA8382D8-919D-4E69-B2F9-548E4D94BC19}
	EndProjectSection
EndProject
Project("{8BC9CEB8-8B4A-11D0-8D11-00A0C91BC942}") = "TestLib", "TestLib\TestLib.vcxproj", "{9AD1C881-1D87-47C0-854B-90A11177E0F0}"
EndProject
Project("{8BC9CEB8-8B4A-11D0-8D11-00A0C91BC942}") = "Plc", "Plc\Plc.vcxproj", "{DA8382D8-919D-4E69-B2F9-548E4D94BC19}"
EndProject
Project("{8BC9CEB8-8B4A-11D0-8D11-00A0C91BC942}") = "Main", "Main\Main.vcxproj", "{00866CBA-DA93-4664-89F7-4F5B2EAF61C1}"
	ProjectSection(ProjectDependencies) = postProject
		{9AD1C881-1D87-47C0-854B-90A11177E0F0} = {9AD1C881-1D87-47C0-854B-90A11177E0F0}
		{DA8382D8-919D-4E69-B2F9-548E4D94BC19} = {DA8382D8-919D-4E69-B2F9-548E4D94BC19}
	EndProjectSection
EndProject
Project("{8BC9CEB8-8B4A-11D0-8D11-00A0C91BC942}") = "Ogg", "Ogg\Ogg.vcxproj", "{BACB882D-02DC-4C4A-8EA5-8E3013246E9A}"
EndProject
Project("{8BC9CEB8-8B4A-11D0-8D11-00A0C91BC942}") = "MAF", "MAF\MAF.vcxproj", "{84851C7D-F07E-4866-848E-8CF1F31C34C2}"
EndProject
Project("{8BC9CEB8-8B4A-11D0-8D11-00A0C91BC942}") = "MTF", "MTF\MTF.vcxproj", "{866072FD-9F65-4BB8-944C-2B189BEC4930}"
EndProject
Project("{8BC9CEB8-8B4A-11D0-8D11-00A0C91BC942}") = "Pcm", "Pcm\Pcm.vcxproj", "{1F1879AA-562F-4308-891D-C1645FEFFE8D}"
EndProject
Global
	GlobalSection(SolutionConfigurationPlatforms) = preSolution
		Debug|x64 = Debug|x64
		Debug|x86 = Debug|x86
		Release|x64 = Release|x64
		Release|x86 = Release|x86
	EndGlobalSection
	GlobalSection(ProjectConfigurationPlatforms) = postSolution
		{9CD33ED0-0D67-4A82-9DCA-B8B6B6A00CB3}.Debug|x64.ActiveCfg = Debug|x64
		{9CD33ED0-0D67-4A82-9DCA-B8B6B6A00CB3}.Debug|x64.Build.0 = Debug|x64
		{9CD33ED0-0D67-4A82-9DCA-B8B6B6A00CB3}.Debug|x86.ActiveCfg = Debug|Win32
		{9CD33ED0-0D67-4A82-9DCA-B8B6B6A00CB3}.Debug|x86.Build.0 = Debug|Win32
		{9CD33ED0-0D67-4A82-9DCA-B8B6B6A00CB3}.Release|x64.ActiveCfg = Release|x64
		{9CD33ED0-0D67-4A82-9DCA-B8B6B6A00CB3}.Release|x64.Build.0 = Release|x64
		{9CD33ED0-0D67-4A82-9DCA-B8B6B6A00CB3}.Release|x86.ActiveCfg = Release|Win32
		{9CD33ED0-0D67-4A82-9DCA-B8B6B6A00CB3}.Release|x86.Build.0 = Release|Win32
		{9F3C2CBC-9584-4323-B474-16D55407E10B}.Debug|x64.ActiveCfg = Debug|x64
		{9F3C2CBC-9584-4323-B474-16D55407E10B}.Debug|x64.Build.0 = Debug|x64
		{9F3C2CBC-9584-4323-B474-16D55407E10B}.Debug|x86.ActiveCfg = Debug|Win32
		{9F3C2CBC-9584-4323-B474-16D55407E10B}.Debug|x86.Build.0 = Debug|Win32
		{9F3C2CBC-9584-4323-B474-16D55407E10B}.Release|x64.ActiveCfg = Release|x64
		{9F3C2CBC-9584-4323-B474-16D55407E10B}.Release|x64.Build.0 = Release|x64
		{9F3C2CBC-9584-4323-B474-16D55407E10B}.Release|x86.ActiveCfg = Release|Win32
		{9F3C2CBC-9584-4323-B474-16D55407E10B}.Release|x86.Build.0 = Release|Win32
		{83EABB48-1151-450D-93F9-7FB62A60910E}.Debug|x64.ActiveCfg = Debug|x64
		{83EABB48-1151-450D-93F9-7FB62A60910E}.Debug|x64.Build.0 = Debug|x64
		{83EABB48-1151-450D-93F9-7FB62A60910E}.Debug|x86.ActiveCfg = Debug|Win32
		{83EABB48-1151-450D-93F9-7FB62A60910E}.Debug|x86.Build.0 = Debug|Win32
		{83EABB48-1151-450D-93F9-7FB62A60910E}.Release|x64.ActiveCfg = Release|x64
		{83EABB48-1151-450D-93F9-7FB62A60910E}.Release|x64.Build.0 = Release|x64
		{83EABB48-1151-450D-93F9-7FB62A60910E}.Release|x86.ActiveCfg = Release|Win32
		{83EABB48-1151-450D-93F9-7FB62A60910E}.Release|x86.Build.0 = Release|Win32
		{07552B07-F9EB-458D-A001-273EA3DCA071}.Debug|x64.ActiveCfg = Debug|x64
		{07552B07-F9EB-458D-A001-273EA3DCA071}.Debug|x64.Build.0 = Debug|x64
		{07552B07-F9EB-458D-A001-273EA3DCA071}.Debug|x86.ActiveCfg = Debug|Win32
		{07552B07-F9EB-458D-A001-273EA3DCA071}.Debug|x86.Build.0 = Debug|Win32
		{07552B07-F9EB-458D-A001-273EA3DCA071}.Release|x64.ActiveCfg = Release|x64
		{07552B07-F9EB-458D-A001-273EA3DCA071}.Release|x64.Build.0 = Release|x64
		{07552B07-F9EB-458D-A001-273EA3DCA071}.Release|x86.ActiveCfg = Release|Win32
		{07552B07-F9EB-458D-A001-273EA3DCA071}.Release|x86.Build.0 = Release|Win32
		{D3DE1871-05F0-46C5-9D66-BEED2C8DC806}.Debug|x64.ActiveCfg = Debug|x64
		{D3DE1871-05F0-46C5-9D66-BEED2C8DC806}.Debug|x64.Build.0 = Debug|x64
		{D3DE1871-05F0-46C5-9D66-BEED2C8DC806}.Debug|x86.ActiveCfg = Debug|Win32
		{D3DE1871-05F0-46C5-9D66-BEED2C8DC806}.Debug|x86.Build.0 = Debug|Win32
		{D3DE1871-05F0-46C5-9D66-BEED2C8DC806}.Release|x64.ActiveCfg = Release|x64
		{D3DE1871-05F0-46C5-9D66-BEED2C8DC806}.Release|x64.Build.0 = Release|x64
		{D3DE1871-05F0-46C5-9D66-BEED2C8DC806}.Release|x86.ActiveCfg = Release|Win32
		{D3DE1871-05F0-46C5-9D66-BEED2C8DC806}.Release|x86.Build.0 = Release|Win32
		{173C1422-D3B8-449B-9543-C02216E493C4}.Debug|x64.ActiveCfg = Debug|x64
		{173C1422-D3B8-449B-9543-C02216E493C4}.Debug|x64.Build.0 = Debug|x64
		{173C1422-D3B8-449B-9543-C02216E493C4}.Debug|x86.ActiveCfg = Debug|Win32
		{173C1422-D3B8-449B-9543-C02216E493C4}.Debug|x86.Build.0 = Debug|Win32
		{173C1422-D3B8-449B-9543-C02216E493C4}.Release|x64.ActiveCfg = Release|x64
		{173C1422-D3B8-449B-9543-C02216E493C4}.Release|x64.Build.0 = Release|x64
		{173C1422-D3B8-449B-9543-C02216E493C4}.Release|x86.ActiveCfg = Release|Win32
		{173C1422-D3B8-449B-9543-C02216E493C4}.Release|x86.Build.0 = Release|Win32
		{BC0A007D-4E51-4389-B2E8-616257BE77F5}.Debug|x64.ActiveCfg = Debug|x64
		{BC0A007D-4E51-4389-B2E8-616257BE77F5}.Debug|x64.Build.0 = Debug|x64
		{BC0A007D-4E51-4389-B2E8-616257BE77F5}.Debug|x86.ActiveCfg = Debug|Win32
		{BC0A007D-4E51-4389-B2E8-616257BE77F5}.Debug|x86.Build.0 = Debug|Win32
		{BC0A007D-4E51-4389-B2E8-616257BE77F5}.Release|x64.ActiveCfg = Release|x64
		{BC0A007D-4E51-4389-B2E8-616257BE77F5}.Release|x64.Build.0 = Release|x64
		{BC0A007D-4E51-4389-B2E8-616257BE77F5}.Release|x86.ActiveCfg = Release|Win32
		{BC0A007D-4E51-4389-B2E8-616257BE77F5}.Release|x86.Build.0 = Release|Win32
		{9AD1C881-1D87-47C0-854B-90A11177E0F0}.Debug|x64.ActiveCfg = Debug|x64
		{9AD1C881-1D87-47C0-854B-90A11177E0F0}.Debug|x64.Build.0 = Debug|x64
		{9AD1C881-1D87-47C0-854B-90A11177E0F0}.Debug|x86.ActiveCfg = Debug|Win32
		{9AD1C881-1D87-47C0-854B-90A11177E0F0}.Debug|x86.Build.0 = Debug|Win32
		{9AD1C881-1D87-47C0-854B-90A11177E0F0}.Release|x64.ActiveCfg = Release|x64
		{9AD1C881-1D87-47C0-854B-90A11177E0F0}.Release|x64.Build.0 = Release|x64
		{9AD1C881-1D87-47C0-854B-90A11177E0F0}.Release|x86.ActiveCfg = Release|Win32
		{9AD1C881-1D87-47C0-854B-90A11177E0F0}.Release|x86.Build.0 = Release|Win32
		{DA8382D8-919D-4E69-B2F9-548E4D94BC19}.Debug|x64.ActiveCfg = Debug|x64
		{DA8382D8-919D-4E69-B2F9-548E4D94BC19}.Debug|x64.Build.0 = Debug|x64
		{DA8382D8-919D-4E69-B2F9-548E4D94BC19}.Debug|x86.ActiveCfg = Debug|Win32
		{DA8382D8-919D-4E69-B2F9-548E4D94BC19}.Debug|x86.Build.0 = Debug|Win32
		{DA8382D8-919D-4E69-B2F9-548E4D94BC19}.Release|x64.ActiveCfg = Release|x64
		{DA8382D8-919D-4E69-B2F9-548E4D94BC19}.Release|x64.Build.0 = Release|x64
		{DA8382D8-919D-4E69-B2F9-548E4D94BC19}.Release|x86.ActiveCfg = Release|Win32
		{DA8382D8-919D-4E69-B2F9-548E4D94BC19}.Release|x86.Build.0 = Release|Win32
		{00866CBA-DA93-4664-89F7-4F5B2EAF61C1}.Debug|x64.ActiveCfg = Debug|x64
		{00866CBA-DA93-4664-89F7-4F5B2EAF61C1}.Debug|x64.Build.0 = Debug|x64
		{00866CBA-DA93-4664-89F7-4F5B2EAF61C1}.Debug|x86.ActiveCfg = Debug|Win32
		{00866CBA-DA93-4664-89F7-4F5B2EAF61C1}.Debug|x86.Build.0 = Debug|Win32
		{00866CBA-DA93-4664-89F7-4F5B2EAF61C1}.Release|x64.ActiveCfg = Release|x64
		{00866CBA-DA93-4664-89F7-4F5B2EAF61C1}.Release|x64.Build.0 = Release|x64
		{00866CBA-DA93-4664-89F7-4F5B2EAF61C1}.Release|x86.ActiveCfg = Release|Win32
		{00866CBA-DA93-4664-89F7-4F5B2EAF61C1}.Release|x86.Build.0 = Release|Win32
		{BACB882D-02DC-4C4A-8EA5-8E3013246E9A}.Debug|x64.ActiveCfg = Debug|x64
		{BACB882D-02DC-4C4A-8EA5-8E3013246E9A}.Debug|x64.Build.0 = Debug|x64
		{BACB882D-02DC-4C4A-8EA5-8E3013246E9A}.Debug|x86.ActiveCfg = Debug|Win32
		{BACB882D-02DC-4C4A-8EA5-8E3013246E9A}.Debug|x86.Build.0 = Debug|Win32
		{BACB882D-02DC-4C4A-8EA5-8E3013246E9A}.Release|x64.ActiveCfg = Release|x64
		{BACB882D-02DC-4C4A-8EA5-8E3013246E9A}.Release|x64.Build.0 = Release|x64
		{BACB882D-02DC-4C4A-8EA5-8E3013246E9A}.Release|x86.ActiveCfg = Release|Win32
		{BACB882D-02DC-4C4A-8EA5-8E3013246E9A}.Release|x86.Build.0 = Release|Win32
		{84851C7D-F07E-4866-848E-8CF1F31C34C2}.Debug|x64.ActiveCfg = Debug|x64
		{84851C7D-F07E-4866-848E-8CF1F31C34C2}.Debug|x64.Build.0 = Debug|x64
		{84851C7D-F07E-4866-848E-8CF1F31C34C2}.Debug|x86.ActiveCfg = Debug|Win32
		{84851C7D-F07E-4866-848E-8CF1F31C34C2}.Debug|x86.Build.0 = Debug|Win32
		{84851C7D-F07E-4866-848E-8CF1F31C34C2}.Release|x64.ActiveCfg = Release|x64
		{84851C7D-F07E-4866-848E-8CF1F31C34C2}.Release|x64.Build.0 = Release|x64
		{84851C7D-F07E-4866-848E-8CF1F31C34C2}.Release|x86.ActiveCfg = Release|Win32
		{84851C7D-F07E-4866-848E-8CF1F31C34C2}.Release|x86.Build.0 = Release|Win32
		{866072FD-9F65-4BB8-944C-2B189BEC4930}.Debug|x64.ActiveCfg = Debug|x64
		{866072FD-9F65-4BB8-944C-2B189BEC4930}.Debug|x64.Build.0 = Debug|x64
		{866072FD-9F65-4BB8-944C-2B189BEC4930}.Debug|x86.ActiveCfg = Debug|Win32
		{866072FD-9F65-4BB8-944C-2B189BEC4930}.Debug|x86.Build.0 = Debug|Win32
		{866072FD-9F65-4BB8-944C-2B189BEC4930}.Release|x64.ActiveCfg = Release|x64
		{866072FD-9F65-4BB8-944C-2B189BEC4930}.Release|x64.Build.0 = Release|x64
		{866072FD-9F65-4BB8-944C-2B189BEC4930}.Release|x86.ActiveCfg = Release|Win32
		{866072FD-9F65-4BB8-944C-2B189BEC4930}.Release|x86.Build.0 = Release|Win32
		{1F1879AA-562F-4308-891D-C1645FEFFE8D}.Debug|x64.ActiveCfg = Debug|x64
		{1F1879AA-562F-4308-891D-C1645FEFFE8D}.Debug|x64.Build.0 = Debug|x64
		{1F1879AA-562F-4308-891D-C1645FEFFE8D}.Debug|x86.ActiveCfg = Debug|Win32
		{1F1879AA-562F-4308-891D-C1645FEFFE8D}.Debug|x86.Build.0 = Debug|Win32
		{1F1879AA-562F-4308-891D-C1645FEFFE8D}.Release|x64.ActiveCfg = Release|x64
		{1F1879AA-562F-4308-891D-C1645FEFFE8D}.Release|x64.Build.0 = Release|x64
		{1F1879AA-562F-4308-891D-C1645FEFFE8D}.Release|x86.ActiveCfg = Release|Win32
		{1F1879AA-562F-4308-891D-C1645FEFFE8D}.Release|x86.Build.0 = Release|Win32
	EndGlobalSection
	GlobalSection(SolutionProperties) = preSolution
		HideSolutionNode = FALSE
	EndGlobalSection
	GlobalSection(ExtensibilityGlobals) = postSolution
		SolutionGuid = {9699F8A8-126A-4B04-A821-ADD98C490313}
	EndGlobalSection
EndGlobal
