<?xml version="1.0" encoding="utf-8"?>
<Project ToolsVersion="4.0" xmlns="http://schemas.microsoft.com/developer/msbuild/2003">
  <ItemGroup>
    <ClCompile Include="OggTest.cpp" />
    <ClCompile Include="..\_third_part\algorithm\container\ogg\OggDec.cpp">
      <Filter>3th</Filter>
    </ClCompile>
    <ClCompile Include="..\_third_part\algorithm\container\ogg\OggDemux2Opus.cpp">
      <Filter>3th</Filter>
    </ClCompile>
    <ClCompile Include="..\_third_part\algorithm\container\ogg\OggGeneral.cpp">
      <Filter>3th</Filter>
    </ClCompile>
    <ClCompile Include="..\_third_part\algorithm\container\ogg\Buffer.cpp">
      <Filter>3th</Filter>
    </ClCompile>
    <ClCompile Include="..\_third_part\algorithm\container\ogg\OggBitstream.cpp">
      <Filter>3th</Filter>
    </ClCompile>
  </ItemGroup>
  <ItemGroup>
    <Filter Include="3th">
      <UniqueIdentifier>{7d97bffd-7161-41ab-9bb2-007211f875c3}</UniqueIdentifier>
    </Filter>
  </ItemGroup>
  <ItemGroup>
    <ClInclude Include="OggTest.h" />
    <ClInclude Include="..\_third_part\algorithm\container\ogg\OggDemux2Opus.h">
      <Filter>3th</Filter>
    </ClInclude>
    <ClInclude Include="..\_third_part\algorithm\container\ogg\OggType.h">
      <Filter>3th</Filter>
    </ClInclude>
    <ClInclude Include="..\_third_part\algorithm\container\ogg\Buffer.h">
      <Filter>3th</Filter>
    </ClInclude>
    <ClInclude Include="..\_third_part\algorithm\container\ogg\Ogg.h">
      <Filter>3th</Filter>
    </ClInclude>
    <ClInclude Include="..\_third_part\algorithm\container\ogg\OggCrcTable.h">
      <Filter>3th</Filter>
    </ClInclude>
  </ItemGroup>
</Project>