<?xml version="1.0" encoding="utf-8"?>
<Project ToolsVersion="4.0" xmlns="http://schemas.microsoft.com/developer/msbuild/2003">
  <ItemGroup>
    <Filter Include="lib">
      <UniqueIdentifier>{97a3591f-22bb-46b2-9c8a-1f16c53e46c4}</UniqueIdentifier>
    </Filter>
    <Filter Include="lib\celt">
      <UniqueIdentifier>{8527f7ad-a8bb-4b2f-881c-31410d20efee}</UniqueIdentifier>
    </Filter>
    <Filter Include="lib\include">
      <UniqueIdentifier>{98e0772f-a9e9-468e-9126-174a101ca58c}</UniqueIdentifier>
    </Filter>
    <Filter Include="lib\silk">
      <UniqueIdentifier>{cc0c67f4-9c7b-4f29-a0e8-6a3de9bd1e26}</UniqueIdentifier>
    </Filter>
    <Filter Include="lib\silk\fixed">
      <UniqueIdentifier>{df33c069-0550-447d-af18-5de99cb2fa0f}</UniqueIdentifier>
    </Filter>
    <Filter Include="lib\src">
      <UniqueIdentifier>{b5198e52-0370-4873-ba75-82f637ad660a}</UniqueIdentifier>
    </Filter>
    <Filter Include="maf">
      <UniqueIdentifier>{5299ca94-20ac-4f74-8551-e9256afbbe0d}</UniqueIdentifier>
    </Filter>
    <Filter Include="mtf">
      <UniqueIdentifier>{c4ae31f3-9d16-4e92-aeef-37f193609aca}</UniqueIdentifier>
    </Filter>
  </ItemGroup>
  <ItemGroup>
    <ClInclude Include="OpusTest.h" />
    <ClInclude Include="..\_third_part\algorithm\audio\codec\opus\1.3.1\include\opus_projection.h">
      <Filter>lib\include</Filter>
    </ClInclude>
    <ClInclude Include="..\_third_part\algorithm\audio\codec\opus\1.3.1\include\opus_types.h">
      <Filter>lib\include</Filter>
    </ClInclude>
    <ClInclude Include="..\_third_part\algorithm\audio\codec\opus\1.3.1\include\opus.h">
      <Filter>lib\include</Filter>
    </ClInclude>
    <ClInclude Include="..\_third_part\algorithm\audio\codec\opus\1.3.1\include\opus_custom.h">
      <Filter>lib\include</Filter>
    </ClInclude>
    <ClInclude Include="..\_third_part\algorithm\audio\codec\opus\1.3.1\include\opus_defines.h">
      <Filter>lib\include</Filter>
    </ClInclude>
    <ClInclude Include="..\_third_part\algorithm\audio\codec\opus\1.3.1\include\opus_multistream.h">
      <Filter>lib\include</Filter>
    </ClInclude>
    <ClInclude Include="..\_third_part\MAF\interface\opus\MAFA.OpusEnc.h">
      <Filter>maf</Filter>
    </ClInclude>
    <ClInclude Include="..\_third_part\MAF\interface\opus\MAFA.OpusDec.h">
      <Filter>maf</Filter>
    </ClInclude>
    <ClInclude Include="..\_third_part\algorithm\audio\codec\opus\1.3.1\include\config.h">
      <Filter>lib\include</Filter>
    </ClInclude>
    <ClInclude Include="..\_third_part\algorithm\audio\codec\opus\OpusApi.h">
      <Filter>lib</Filter>
    </ClInclude>
    <ClInclude Include="..\_third_part\algorithm\audio\codec\opus\1.3.1\include\opus_memory.h">
      <Filter>lib\include</Filter>
    </ClInclude>
    <ClInclude Include="..\_third_part\MTF\interface\opus\MTF.OpusDec.h">
      <Filter>mtf</Filter>
    </ClInclude>
    <ClInclude Include="..\_third_part\MTF\interface\opus\MTF.OpusEnc.h">
      <Filter>mtf</Filter>
    </ClInclude>
    <ClInclude Include="..\_third_part\MAF\interface\opus\OpusMemory.h">
      <Filter>maf</Filter>
    </ClInclude>
    <ClInclude Include="..\_third_part\algorithm\audio\codec\opus\1.3.1\src\analysis.h">
      <Filter>lib\src</Filter>
    </ClInclude>
    <ClInclude Include="..\_third_part\algorithm\audio\codec\opus\1.3.1\src\mapping_matrix.h">
      <Filter>lib\src</Filter>
    </ClInclude>
    <ClInclude Include="..\_third_part\algorithm\audio\codec\opus\1.3.1\src\mlp.h">
      <Filter>lib\src</Filter>
    </ClInclude>
    <ClInclude Include="..\_third_part\algorithm\audio\codec\opus\1.3.1\src\opus_private.h">
      <Filter>lib\src</Filter>
    </ClInclude>
    <ClInclude Include="..\_third_part\algorithm\audio\codec\opus\1.3.1\src\tansig_table.h">
      <Filter>lib\src</Filter>
    </ClInclude>
    <ClInclude Include="..\_third_part\algorithm\audio\codec\opus\1.3.1\silk\API.h">
      <Filter>lib\silk</Filter>
    </ClInclude>
    <ClInclude Include="..\_third_part\algorithm\audio\codec\opus\1.3.1\silk\control.h">
      <Filter>lib\silk</Filter>
    </ClInclude>
    <ClInclude Include="..\_third_part\algorithm\audio\codec\opus\1.3.1\silk\debug.h">
      <Filter>lib\silk</Filter>
    </ClInclude>
    <ClInclude Include="..\_third_part\algorithm\audio\codec\opus\1.3.1\silk\define.h">
      <Filter>lib\silk</Filter>
    </ClInclude>
    <ClInclude Include="..\_third_part\algorithm\audio\codec\opus\1.3.1\silk\errors.h">
      <Filter>lib\silk</Filter>
    </ClInclude>
    <ClInclude Include="..\_third_part\algorithm\audio\codec\opus\1.3.1\silk\Inlines.h">
      <Filter>lib\silk</Filter>
    </ClInclude>
    <ClInclude Include="..\_third_part\algorithm\audio\codec\opus\1.3.1\silk\MacroCount.h">
      <Filter>lib\silk</Filter>
    </ClInclude>
    <ClInclude Include="..\_third_part\algorithm\audio\codec\opus\1.3.1\silk\MacroDebug.h">
      <Filter>lib\silk</Filter>
    </ClInclude>
    <ClInclude Include="..\_third_part\algorithm\audio\codec\opus\1.3.1\silk\macros.h">
      <Filter>lib\silk</Filter>
    </ClInclude>
    <ClInclude Include="..\_third_part\algorithm\audio\codec\opus\1.3.1\silk\main.h">
      <Filter>lib\silk</Filter>
    </ClInclude>
    <ClInclude Include="..\_third_part\algorithm\audio\codec\opus\1.3.1\silk\NSQ.h">
      <Filter>lib\silk</Filter>
    </ClInclude>
    <ClInclude Include="..\_third_part\algorithm\audio\codec\opus\1.3.1\silk\pitch_est_defines.h">
      <Filter>lib\silk</Filter>
    </ClInclude>
    <ClInclude Include="..\_third_part\algorithm\audio\codec\opus\1.3.1\silk\PLC.h">
      <Filter>lib\silk</Filter>
    </ClInclude>
    <ClInclude Include="..\_third_part\algorithm\audio\codec\opus\1.3.1\silk\resampler_private.h">
      <Filter>lib\silk</Filter>
    </ClInclude>
    <ClInclude Include="..\_third_part\algorithm\audio\codec\opus\1.3.1\silk\resampler_rom.h">
      <Filter>lib\silk</Filter>
    </ClInclude>
    <ClInclude Include="..\_third_part\algorithm\audio\codec\opus\1.3.1\silk\resampler_structs.h">
      <Filter>lib\silk</Filter>
    </ClInclude>
    <ClInclude Include="..\_third_part\algorithm\audio\codec\opus\1.3.1\silk\SigProc_FIX.h">
      <Filter>lib\silk</Filter>
    </ClInclude>
    <ClInclude Include="..\_third_part\algorithm\audio\codec\opus\1.3.1\silk\structs.h">
      <Filter>lib\silk</Filter>
    </ClInclude>
    <ClInclude Include="..\_third_part\algorithm\audio\codec\opus\1.3.1\silk\tables.h">
      <Filter>lib\silk</Filter>
    </ClInclude>
    <ClInclude Include="..\_third_part\algorithm\audio\codec\opus\1.3.1\silk\tuning_parameters.h">
      <Filter>lib\silk</Filter>
    </ClInclude>
    <ClInclude Include="..\_third_part\algorithm\audio\codec\opus\1.3.1\silk\typedef.h">
      <Filter>lib\silk</Filter>
    </ClInclude>
    <ClInclude Include="..\_third_part\algorithm\audio\codec\opus\1.3.1\silk\fixed\main_FIX.h">
      <Filter>lib\silk\fixed</Filter>
    </ClInclude>
    <ClInclude Include="..\_third_part\algorithm\audio\codec\opus\1.3.1\silk\fixed\structs_FIX.h">
      <Filter>lib\silk\fixed</Filter>
    </ClInclude>
    <ClInclude Include="..\_third_part\algorithm\audio\codec\opus\1.3.1\celt\_kiss_fft_guts.h">
      <Filter>lib\celt</Filter>
    </ClInclude>
    <ClInclude Include="..\_third_part\algorithm\audio\codec\opus\1.3.1\celt\arch.h">
      <Filter>lib\celt</Filter>
    </ClInclude>
    <ClInclude Include="..\_third_part\algorithm\audio\codec\opus\1.3.1\celt\bands.h">
      <Filter>lib\celt</Filter>
    </ClInclude>
    <ClInclude Include="..\_third_part\algorithm\audio\codec\opus\1.3.1\celt\celt.h">
      <Filter>lib\celt</Filter>
    </ClInclude>
    <ClInclude Include="..\_third_part\algorithm\audio\codec\opus\1.3.1\celt\celt_lpc.h">
      <Filter>lib\celt</Filter>
    </ClInclude>
    <ClInclude Include="..\_third_part\algorithm\audio\codec\opus\1.3.1\celt\cpu_support.h">
      <Filter>lib\celt</Filter>
    </ClInclude>
    <ClInclude Include="..\_third_part\algorithm\audio\codec\opus\1.3.1\celt\cwrs.h">
      <Filter>lib\celt</Filter>
    </ClInclude>
    <ClInclude Include="..\_third_part\algorithm\audio\codec\opus\1.3.1\celt\ecintrin.h">
      <Filter>lib\celt</Filter>
    </ClInclude>
    <ClInclude Include="..\_third_part\algorithm\audio\codec\opus\1.3.1\celt\entcode.h">
      <Filter>lib\celt</Filter>
    </ClInclude>
    <ClInclude Include="..\_third_part\algorithm\audio\codec\opus\1.3.1\celt\entdec.h">
      <Filter>lib\celt</Filter>
    </ClInclude>
    <ClInclude Include="..\_third_part\algorithm\audio\codec\opus\1.3.1\celt\entenc.h">
      <Filter>lib\celt</Filter>
    </ClInclude>
    <ClInclude Include="..\_third_part\algorithm\audio\codec\opus\1.3.1\celt\fixed_debug.h">
      <Filter>lib\celt</Filter>
    </ClInclude>
    <ClInclude Include="..\_third_part\algorithm\audio\codec\opus\1.3.1\celt\fixed_generic.h">
      <Filter>lib\celt</Filter>
    </ClInclude>
    <ClInclude Include="..\_third_part\algorithm\audio\codec\opus\1.3.1\celt\float_cast.h">
      <Filter>lib\celt</Filter>
    </ClInclude>
    <ClInclude Include="..\_third_part\algorithm\audio\codec\opus\1.3.1\celt\kiss_fft.h">
      <Filter>lib\celt</Filter>
    </ClInclude>
    <ClInclude Include="..\_third_part\algorithm\audio\codec\opus\1.3.1\celt\laplace.h">
      <Filter>lib\celt</Filter>
    </ClInclude>
    <ClInclude Include="..\_third_part\algorithm\audio\codec\opus\1.3.1\celt\mathops.h">
      <Filter>lib\celt</Filter>
    </ClInclude>
    <ClInclude Include="..\_third_part\algorithm\audio\codec\opus\1.3.1\celt\mdct.h">
      <Filter>lib\celt</Filter>
    </ClInclude>
    <ClInclude Include="..\_third_part\algorithm\audio\codec\opus\1.3.1\celt\mfrngcod.h">
      <Filter>lib\celt</Filter>
    </ClInclude>
    <ClInclude Include="..\_third_part\algorithm\audio\codec\opus\1.3.1\celt\modes.h">
      <Filter>lib\celt</Filter>
    </ClInclude>
    <ClInclude Include="..\_third_part\algorithm\audio\codec\opus\1.3.1\celt\os_support.h">
      <Filter>lib\celt</Filter>
    </ClInclude>
    <ClInclude Include="..\_third_part\algorithm\audio\codec\opus\1.3.1\celt\pitch.h">
      <Filter>lib\celt</Filter>
    </ClInclude>
    <ClInclude Include="..\_third_part\algorithm\audio\codec\opus\1.3.1\celt\quant_bands.h">
      <Filter>lib\celt</Filter>
    </ClInclude>
    <ClInclude Include="..\_third_part\algorithm\audio\codec\opus\1.3.1\celt\rate.h">
      <Filter>lib\celt</Filter>
    </ClInclude>
    <ClInclude Include="..\_third_part\algorithm\audio\codec\opus\1.3.1\celt\stack_alloc.h">
      <Filter>lib\celt</Filter>
    </ClInclude>
    <ClInclude Include="..\_third_part\algorithm\audio\codec\opus\1.3.1\celt\static_modes_fixed.h">
      <Filter>lib\celt</Filter>
    </ClInclude>
    <ClInclude Include="..\_third_part\algorithm\audio\codec\opus\1.3.1\celt\static_modes_fixed_arm_ne10.h">
      <Filter>lib\celt</Filter>
    </ClInclude>
    <ClInclude Include="..\_third_part\algorithm\audio\codec\opus\1.3.1\celt\static_modes_float.h">
      <Filter>lib\celt</Filter>
    </ClInclude>
    <ClInclude Include="..\_third_part\algorithm\audio\codec\opus\1.3.1\celt\static_modes_float_arm_ne10.h">
      <Filter>lib\celt</Filter>
    </ClInclude>
    <ClInclude Include="..\_third_part\algorithm\audio\codec\opus\1.3.1\celt\vq.h">
      <Filter>lib\celt</Filter>
    </ClInclude>
  </ItemGroup>
  <ItemGroup>
    <ClCompile Include="OpusTest.cpp" />
    <ClCompile Include="..\_third_part\MAF\interface\opus\MAFA.OpusEnc.cpp">
      <Filter>maf</Filter>
    </ClCompile>
    <ClCompile Include="..\_third_part\MAF\interface\opus\MAFA.OpusDec.cpp">
      <Filter>maf</Filter>
    </ClCompile>
    <ClCompile Include="..\_third_part\algorithm\audio\codec\opus\OpusApi.cpp">
      <Filter>lib</Filter>
    </ClCompile>
    <ClCompile Include="..\_third_part\MTF\interface\opus\MTF.OpusDec.cpp">
      <Filter>mtf</Filter>
    </ClCompile>
    <ClCompile Include="..\_third_part\MTF\interface\opus\MTF.OpusEnc.cpp">
      <Filter>mtf</Filter>
    </ClCompile>
    <ClCompile Include="..\_third_part\MAF\interface\opus\OpusMemory.cpp">
      <Filter>maf</Filter>
    </ClCompile>
    <ClCompile Include="..\_third_part\algorithm\audio\codec\opus\1.3.1\src\analysis.cpp">
      <Filter>lib\src</Filter>
    </ClCompile>
    <ClCompile Include="..\_third_part\algorithm\audio\codec\opus\1.3.1\src\mapping_matrix.cpp">
      <Filter>lib\src</Filter>
    </ClCompile>
    <ClCompile Include="..\_third_part\algorithm\audio\codec\opus\1.3.1\src\mlp.cpp">
      <Filter>lib\src</Filter>
    </ClCompile>
    <ClCompile Include="..\_third_part\algorithm\audio\codec\opus\1.3.1\src\mlp_data.cpp">
      <Filter>lib\src</Filter>
    </ClCompile>
    <ClCompile Include="..\_third_part\algorithm\audio\codec\opus\1.3.1\src\opus.cpp">
      <Filter>lib\src</Filter>
    </ClCompile>
    <ClCompile Include="..\_third_part\algorithm\audio\codec\opus\1.3.1\src\opus_decoder.cpp">
      <Filter>lib\src</Filter>
    </ClCompile>
    <ClCompile Include="..\_third_part\algorithm\audio\codec\opus\1.3.1\src\opus_encoder.cpp">
      <Filter>lib\src</Filter>
    </ClCompile>
    <ClCompile Include="..\_third_part\algorithm\audio\codec\opus\1.3.1\src\opus_memory.cpp">
      <Filter>lib\src</Filter>
    </ClCompile>
    <ClCompile Include="..\_third_part\algorithm\audio\codec\opus\1.3.1\src\opus_multistream.cpp">
      <Filter>lib\src</Filter>
    </ClCompile>
    <ClCompile Include="..\_third_part\algorithm\audio\codec\opus\1.3.1\src\opus_multistream_decoder.cpp">
      <Filter>lib\src</Filter>
    </ClCompile>
    <ClCompile Include="..\_third_part\algorithm\audio\codec\opus\1.3.1\src\opus_multistream_encoder.cpp">
      <Filter>lib\src</Filter>
    </ClCompile>
    <ClCompile Include="..\_third_part\algorithm\audio\codec\opus\1.3.1\src\opus_projection_decoder.cpp">
      <Filter>lib\src</Filter>
    </ClCompile>
    <ClCompile Include="..\_third_part\algorithm\audio\codec\opus\1.3.1\src\opus_projection_encoder.cpp">
      <Filter>lib\src</Filter>
    </ClCompile>
    <ClCompile Include="..\_third_part\algorithm\audio\codec\opus\1.3.1\src\repacketizer.cpp">
      <Filter>lib\src</Filter>
    </ClCompile>
    <ClCompile Include="..\_third_part\algorithm\audio\codec\opus\1.3.1\silk\A2NLSF.cpp">
      <Filter>lib\silk</Filter>
    </ClCompile>
    <ClCompile Include="..\_third_part\algorithm\audio\codec\opus\1.3.1\silk\ana_filt_bank_1.cpp">
      <Filter>lib\silk</Filter>
    </ClCompile>
    <ClCompile Include="..\_third_part\algorithm\audio\codec\opus\1.3.1\silk\biquad_alt.cpp">
      <Filter>lib\silk</Filter>
    </ClCompile>
    <ClCompile Include="..\_third_part\algorithm\audio\codec\opus\1.3.1\silk\bwexpander.cpp">
      <Filter>lib\silk</Filter>
    </ClCompile>
    <ClCompile Include="..\_third_part\algorithm\audio\codec\opus\1.3.1\silk\bwexpander_32.cpp">
      <Filter>lib\silk</Filter>
    </ClCompile>
    <ClCompile Include="..\_third_part\algorithm\audio\codec\opus\1.3.1\silk\check_control_input.cpp">
      <Filter>lib\silk</Filter>
    </ClCompile>
    <ClCompile Include="..\_third_part\algorithm\audio\codec\opus\1.3.1\silk\CNG.cpp">
      <Filter>lib\silk</Filter>
    </ClCompile>
    <ClCompile Include="..\_third_part\algorithm\audio\codec\opus\1.3.1\silk\code_signs.cpp">
      <Filter>lib\silk</Filter>
    </ClCompile>
    <ClCompile Include="..\_third_part\algorithm\audio\codec\opus\1.3.1\silk\control_audio_bandwidth.cpp">
      <Filter>lib\silk</Filter>
    </ClCompile>
    <ClCompile Include="..\_third_part\algorithm\audio\codec\opus\1.3.1\silk\control_codec.cpp">
      <Filter>lib\silk</Filter>
    </ClCompile>
    <ClCompile Include="..\_third_part\algorithm\audio\codec\opus\1.3.1\silk\control_SNR.cpp">
      <Filter>lib\silk</Filter>
    </ClCompile>
    <ClCompile Include="..\_third_part\algorithm\audio\codec\opus\1.3.1\silk\debug.cpp">
      <Filter>lib\silk</Filter>
    </ClCompile>
    <ClCompile Include="..\_third_part\algorithm\audio\codec\opus\1.3.1\silk\dec_API.cpp">
      <Filter>lib\silk</Filter>
    </ClCompile>
    <ClCompile Include="..\_third_part\algorithm\audio\codec\opus\1.3.1\silk\decode_core.cpp">
      <Filter>lib\silk</Filter>
    </ClCompile>
    <ClCompile Include="..\_third_part\algorithm\audio\codec\opus\1.3.1\silk\decode_frame.cpp">
      <Filter>lib\silk</Filter>
    </ClCompile>
    <ClCompile Include="..\_third_part\algorithm\audio\codec\opus\1.3.1\silk\decode_indices.cpp">
      <Filter>lib\silk</Filter>
    </ClCompile>
    <ClCompile Include="..\_third_part\algorithm\audio\codec\opus\1.3.1\silk\decode_parameters.cpp">
      <Filter>lib\silk</Filter>
    </ClCompile>
    <ClCompile Include="..\_third_part\algorithm\audio\codec\opus\1.3.1\silk\decode_pitch.cpp">
      <Filter>lib\silk</Filter>
    </ClCompile>
    <ClCompile Include="..\_third_part\algorithm\audio\codec\opus\1.3.1\silk\decode_pulses.cpp">
      <Filter>lib\silk</Filter>
    </ClCompile>
    <ClCompile Include="..\_third_part\algorithm\audio\codec\opus\1.3.1\silk\decoder_set_fs.cpp">
      <Filter>lib\silk</Filter>
    </ClCompile>
    <ClCompile Include="..\_third_part\algorithm\audio\codec\opus\1.3.1\silk\enc_API.cpp">
      <Filter>lib\silk</Filter>
    </ClCompile>
    <ClCompile Include="..\_third_part\algorithm\audio\codec\opus\1.3.1\silk\encode_indices.cpp">
      <Filter>lib\silk</Filter>
    </ClCompile>
    <ClCompile Include="..\_third_part\algorithm\audio\codec\opus\1.3.1\silk\encode_pulses.cpp">
      <Filter>lib\silk</Filter>
    </ClCompile>
    <ClCompile Include="..\_third_part\algorithm\audio\codec\opus\1.3.1\silk\gain_quant.cpp">
      <Filter>lib\silk</Filter>
    </ClCompile>
    <ClCompile Include="..\_third_part\algorithm\audio\codec\opus\1.3.1\silk\HP_variable_cutoff.cpp">
      <Filter>lib\silk</Filter>
    </ClCompile>
    <ClCompile Include="..\_third_part\algorithm\audio\codec\opus\1.3.1\silk\init_decoder.cpp">
      <Filter>lib\silk</Filter>
    </ClCompile>
    <ClCompile Include="..\_third_part\algorithm\audio\codec\opus\1.3.1\silk\init_encoder.cpp">
      <Filter>lib\silk</Filter>
    </ClCompile>
    <ClCompile Include="..\_third_part\algorithm\audio\codec\opus\1.3.1\silk\inner_prod_aligned.cpp">
      <Filter>lib\silk</Filter>
    </ClCompile>
    <ClCompile Include="..\_third_part\algorithm\audio\codec\opus\1.3.1\silk\interpolate.cpp">
      <Filter>lib\silk</Filter>
    </ClCompile>
    <ClCompile Include="..\_third_part\algorithm\audio\codec\opus\1.3.1\silk\lin2log.cpp">
      <Filter>lib\silk</Filter>
    </ClCompile>
    <ClCompile Include="..\_third_part\algorithm\audio\codec\opus\1.3.1\silk\log2lin.cpp">
      <Filter>lib\silk</Filter>
    </ClCompile>
    <ClCompile Include="..\_third_part\algorithm\audio\codec\opus\1.3.1\silk\LP_variable_cutoff.cpp">
      <Filter>lib\silk</Filter>
    </ClCompile>
    <ClCompile Include="..\_third_part\algorithm\audio\codec\opus\1.3.1\silk\LPC_analysis_filter.cpp">
      <Filter>lib\silk</Filter>
    </ClCompile>
    <ClCompile Include="..\_third_part\algorithm\audio\codec\opus\1.3.1\silk\LPC_fit.cpp">
      <Filter>lib\silk</Filter>
    </ClCompile>
    <ClCompile Include="..\_third_part\algorithm\audio\codec\opus\1.3.1\silk\LPC_inv_pred_gain.cpp">
      <Filter>lib\silk</Filter>
    </ClCompile>
    <ClCompile Include="..\_third_part\algorithm\audio\codec\opus\1.3.1\silk\NLSF_decode.cpp">
      <Filter>lib\silk</Filter>
    </ClCompile>
    <ClCompile Include="..\_third_part\algorithm\audio\codec\opus\1.3.1\silk\NLSF_del_dec_quant.cpp">
      <Filter>lib\silk</Filter>
    </ClCompile>
    <ClCompile Include="..\_third_part\algorithm\audio\codec\opus\1.3.1\silk\NLSF_encode.cpp">
      <Filter>lib\silk</Filter>
    </ClCompile>
    <ClCompile Include="..\_third_part\algorithm\audio\codec\opus\1.3.1\silk\NLSF_stabilize.cpp">
      <Filter>lib\silk</Filter>
    </ClCompile>
    <ClCompile Include="..\_third_part\algorithm\audio\codec\opus\1.3.1\silk\NLSF_unpack.cpp">
      <Filter>lib\silk</Filter>
    </ClCompile>
    <ClCompile Include="..\_third_part\algorithm\audio\codec\opus\1.3.1\silk\NLSF_VQ.cpp">
      <Filter>lib\silk</Filter>
    </ClCompile>
    <ClCompile Include="..\_third_part\algorithm\audio\codec\opus\1.3.1\silk\NLSF_VQ_weights_laroia.cpp">
      <Filter>lib\silk</Filter>
    </ClCompile>
    <ClCompile Include="..\_third_part\algorithm\audio\codec\opus\1.3.1\silk\NLSF2A.cpp">
      <Filter>lib\silk</Filter>
    </ClCompile>
    <ClCompile Include="..\_third_part\algorithm\audio\codec\opus\1.3.1\silk\NSQ.cpp">
      <Filter>lib\silk</Filter>
    </ClCompile>
    <ClCompile Include="..\_third_part\algorithm\audio\codec\opus\1.3.1\silk\NSQ_del_dec.cpp">
      <Filter>lib\silk</Filter>
    </ClCompile>
    <ClCompile Include="..\_third_part\algorithm\audio\codec\opus\1.3.1\silk\pitch_est_tables.cpp">
      <Filter>lib\silk</Filter>
    </ClCompile>
    <ClCompile Include="..\_third_part\algorithm\audio\codec\opus\1.3.1\silk\PLC.cpp">
      <Filter>lib\silk</Filter>
    </ClCompile>
    <ClCompile Include="..\_third_part\algorithm\audio\codec\opus\1.3.1\silk\process_NLSFs.cpp">
      <Filter>lib\silk</Filter>
    </ClCompile>
    <ClCompile Include="..\_third_part\algorithm\audio\codec\opus\1.3.1\silk\quant_LTP_gains.cpp">
      <Filter>lib\silk</Filter>
    </ClCompile>
    <ClCompile Include="..\_third_part\algorithm\audio\codec\opus\1.3.1\silk\resampler.cpp">
      <Filter>lib\silk</Filter>
    </ClCompile>
    <ClCompile Include="..\_third_part\algorithm\audio\codec\opus\1.3.1\silk\resampler_down2.cpp">
      <Filter>lib\silk</Filter>
    </ClCompile>
    <ClCompile Include="..\_third_part\algorithm\audio\codec\opus\1.3.1\silk\resampler_down2_3.cpp">
      <Filter>lib\silk</Filter>
    </ClCompile>
    <ClCompile Include="..\_third_part\algorithm\audio\codec\opus\1.3.1\silk\resampler_private_AR2.cpp">
      <Filter>lib\silk</Filter>
    </ClCompile>
    <ClCompile Include="..\_third_part\algorithm\audio\codec\opus\1.3.1\silk\resampler_private_down_FIR.cpp">
      <Filter>lib\silk</Filter>
    </ClCompile>
    <ClCompile Include="..\_third_part\algorithm\audio\codec\opus\1.3.1\silk\resampler_private_IIR_FIR.cpp">
      <Filter>lib\silk</Filter>
    </ClCompile>
    <ClCompile Include="..\_third_part\algorithm\audio\codec\opus\1.3.1\silk\resampler_private_up2_HQ.cpp">
      <Filter>lib\silk</Filter>
    </ClCompile>
    <ClCompile Include="..\_third_part\algorithm\audio\codec\opus\1.3.1\silk\resampler_rom.cpp">
      <Filter>lib\silk</Filter>
    </ClCompile>
    <ClCompile Include="..\_third_part\algorithm\audio\codec\opus\1.3.1\silk\shell_coder.cpp">
      <Filter>lib\silk</Filter>
    </ClCompile>
    <ClCompile Include="..\_third_part\algorithm\audio\codec\opus\1.3.1\silk\sigm_Q15.cpp">
      <Filter>lib\silk</Filter>
    </ClCompile>
    <ClCompile Include="..\_third_part\algorithm\audio\codec\opus\1.3.1\silk\sort.cpp">
      <Filter>lib\silk</Filter>
    </ClCompile>
    <ClCompile Include="..\_third_part\algorithm\audio\codec\opus\1.3.1\silk\stereo_decode_pred.cpp">
      <Filter>lib\silk</Filter>
    </ClCompile>
    <ClCompile Include="..\_third_part\algorithm\audio\codec\opus\1.3.1\silk\stereo_encode_pred.cpp">
      <Filter>lib\silk</Filter>
    </ClCompile>
    <ClCompile Include="..\_third_part\algorithm\audio\codec\opus\1.3.1\silk\stereo_find_predictor.cpp">
      <Filter>lib\silk</Filter>
    </ClCompile>
    <ClCompile Include="..\_third_part\algorithm\audio\codec\opus\1.3.1\silk\stereo_LR_to_MS.cpp">
      <Filter>lib\silk</Filter>
    </ClCompile>
    <ClCompile Include="..\_third_part\algorithm\audio\codec\opus\1.3.1\silk\stereo_MS_to_LR.cpp">
      <Filter>lib\silk</Filter>
    </ClCompile>
    <ClCompile Include="..\_third_part\algorithm\audio\codec\opus\1.3.1\silk\stereo_quant_pred.cpp">
      <Filter>lib\silk</Filter>
    </ClCompile>
    <ClCompile Include="..\_third_part\algorithm\audio\codec\opus\1.3.1\silk\sum_sqr_shift.cpp">
      <Filter>lib\silk</Filter>
    </ClCompile>
    <ClCompile Include="..\_third_part\algorithm\audio\codec\opus\1.3.1\silk\table_LSF_cos.cpp">
      <Filter>lib\silk</Filter>
    </ClCompile>
    <ClCompile Include="..\_third_part\algorithm\audio\codec\opus\1.3.1\silk\tables_gain.cpp">
      <Filter>lib\silk</Filter>
    </ClCompile>
    <ClCompile Include="..\_third_part\algorithm\audio\codec\opus\1.3.1\silk\tables_LTP.cpp">
      <Filter>lib\silk</Filter>
    </ClCompile>
    <ClCompile Include="..\_third_part\algorithm\audio\codec\opus\1.3.1\silk\tables_NLSF_CB_NB_MB.cpp">
      <Filter>lib\silk</Filter>
    </ClCompile>
    <ClCompile Include="..\_third_part\algorithm\audio\codec\opus\1.3.1\silk\tables_NLSF_CB_WB.cpp">
      <Filter>lib\silk</Filter>
    </ClCompile>
    <ClCompile Include="..\_third_part\algorithm\audio\codec\opus\1.3.1\silk\tables_other.cpp">
      <Filter>lib\silk</Filter>
    </ClCompile>
    <ClCompile Include="..\_third_part\algorithm\audio\codec\opus\1.3.1\silk\tables_pitch_lag.cpp">
      <Filter>lib\silk</Filter>
    </ClCompile>
    <ClCompile Include="..\_third_part\algorithm\audio\codec\opus\1.3.1\silk\tables_pulses_per_block.cpp">
      <Filter>lib\silk</Filter>
    </ClCompile>
    <ClCompile Include="..\_third_part\algorithm\audio\codec\opus\1.3.1\silk\VAD.cpp">
      <Filter>lib\silk</Filter>
    </ClCompile>
    <ClCompile Include="..\_third_part\algorithm\audio\codec\opus\1.3.1\silk\VQ_WMat_EC.cpp">
      <Filter>lib\silk</Filter>
    </ClCompile>
    <ClCompile Include="..\_third_part\algorithm\audio\codec\opus\1.3.1\silk\fixed\apply_sine_window_FIX.cpp">
      <Filter>lib\silk\fixed</Filter>
    </ClCompile>
    <ClCompile Include="..\_third_part\algorithm\audio\codec\opus\1.3.1\silk\fixed\autocorr_FIX.cpp">
      <Filter>lib\silk\fixed</Filter>
    </ClCompile>
    <ClCompile Include="..\_third_part\algorithm\audio\codec\opus\1.3.1\silk\fixed\burg_modified_FIX.cpp">
      <Filter>lib\silk\fixed</Filter>
    </ClCompile>
    <ClCompile Include="..\_third_part\algorithm\audio\codec\opus\1.3.1\silk\fixed\corrMatrix_FIX.cpp">
      <Filter>lib\silk\fixed</Filter>
    </ClCompile>
    <ClCompile Include="..\_third_part\algorithm\audio\codec\opus\1.3.1\silk\fixed\encode_frame_FIX.cpp">
      <Filter>lib\silk\fixed</Filter>
    </ClCompile>
    <ClCompile Include="..\_third_part\algorithm\audio\codec\opus\1.3.1\silk\fixed\find_LPC_FIX.cpp">
      <Filter>lib\silk\fixed</Filter>
    </ClCompile>
    <ClCompile Include="..\_third_part\algorithm\audio\codec\opus\1.3.1\silk\fixed\find_LTP_FIX.cpp">
      <Filter>lib\silk\fixed</Filter>
    </ClCompile>
    <ClCompile Include="..\_third_part\algorithm\audio\codec\opus\1.3.1\silk\fixed\find_pitch_lags_FIX.cpp">
      <Filter>lib\silk\fixed</Filter>
    </ClCompile>
    <ClCompile Include="..\_third_part\algorithm\audio\codec\opus\1.3.1\silk\fixed\find_pred_coefs_FIX.cpp">
      <Filter>lib\silk\fixed</Filter>
    </ClCompile>
    <ClCompile Include="..\_third_part\algorithm\audio\codec\opus\1.3.1\silk\fixed\k2a_FIX.cpp">
      <Filter>lib\silk\fixed</Filter>
    </ClCompile>
    <ClCompile Include="..\_third_part\algorithm\audio\codec\opus\1.3.1\silk\fixed\k2a_Q16_FIX.cpp">
      <Filter>lib\silk\fixed</Filter>
    </ClCompile>
    <ClCompile Include="..\_third_part\algorithm\audio\codec\opus\1.3.1\silk\fixed\LTP_analysis_filter_FIX.cpp">
      <Filter>lib\silk\fixed</Filter>
    </ClCompile>
    <ClCompile Include="..\_third_part\algorithm\audio\codec\opus\1.3.1\silk\fixed\LTP_scale_ctrl_FIX.cpp">
      <Filter>lib\silk\fixed</Filter>
    </ClCompile>
    <ClCompile Include="..\_third_part\algorithm\audio\codec\opus\1.3.1\silk\fixed\noise_shape_analysis_FIX.cpp">
      <Filter>lib\silk\fixed</Filter>
    </ClCompile>
    <ClCompile Include="..\_third_part\algorithm\audio\codec\opus\1.3.1\silk\fixed\pitch_analysis_core_FIX.cpp">
      <Filter>lib\silk\fixed</Filter>
    </ClCompile>
    <ClCompile Include="..\_third_part\algorithm\audio\codec\opus\1.3.1\silk\fixed\process_gains_FIX.cpp">
      <Filter>lib\silk\fixed</Filter>
    </ClCompile>
    <ClCompile Include="..\_third_part\algorithm\audio\codec\opus\1.3.1\silk\fixed\regularize_correlations_FIX.cpp">
      <Filter>lib\silk\fixed</Filter>
    </ClCompile>
    <ClCompile Include="..\_third_part\algorithm\audio\codec\opus\1.3.1\silk\fixed\residual_energy_FIX.cpp">
      <Filter>lib\silk\fixed</Filter>
    </ClCompile>
    <ClCompile Include="..\_third_part\algorithm\audio\codec\opus\1.3.1\silk\fixed\residual_energy16_FIX.cpp">
      <Filter>lib\silk\fixed</Filter>
    </ClCompile>
    <ClCompile Include="..\_third_part\algorithm\audio\codec\opus\1.3.1\silk\fixed\schur_FIX.cpp">
      <Filter>lib\silk\fixed</Filter>
    </ClCompile>
    <ClCompile Include="..\_third_part\algorithm\audio\codec\opus\1.3.1\silk\fixed\schur64_FIX.cpp">
      <Filter>lib\silk\fixed</Filter>
    </ClCompile>
    <ClCompile Include="..\_third_part\algorithm\audio\codec\opus\1.3.1\silk\fixed\vector_ops_FIX.cpp">
      <Filter>lib\silk\fixed</Filter>
    </ClCompile>
    <ClCompile Include="..\_third_part\algorithm\audio\codec\opus\1.3.1\silk\fixed\warped_autocorrelation_FIX.cpp">
      <Filter>lib\silk\fixed</Filter>
    </ClCompile>
    <ClCompile Include="..\_third_part\algorithm\audio\codec\opus\1.3.1\celt\bands.cpp">
      <Filter>lib\celt</Filter>
    </ClCompile>
    <ClCompile Include="..\_third_part\algorithm\audio\codec\opus\1.3.1\celt\celt.cpp">
      <Filter>lib\celt</Filter>
    </ClCompile>
    <ClCompile Include="..\_third_part\algorithm\audio\codec\opus\1.3.1\celt\celt_decoder.cpp">
      <Filter>lib\celt</Filter>
    </ClCompile>
    <ClCompile Include="..\_third_part\algorithm\audio\codec\opus\1.3.1\celt\celt_encoder.cpp">
      <Filter>lib\celt</Filter>
    </ClCompile>
    <ClCompile Include="..\_third_part\algorithm\audio\codec\opus\1.3.1\celt\celt_lpc.cpp">
      <Filter>lib\celt</Filter>
    </ClCompile>
    <ClCompile Include="..\_third_part\algorithm\audio\codec\opus\1.3.1\celt\cwrs.cpp">
      <Filter>lib\celt</Filter>
    </ClCompile>
    <ClCompile Include="..\_third_part\algorithm\audio\codec\opus\1.3.1\celt\entcode.cpp">
      <Filter>lib\celt</Filter>
    </ClCompile>
    <ClCompile Include="..\_third_part\algorithm\audio\codec\opus\1.3.1\celt\entdec.cpp">
      <Filter>lib\celt</Filter>
    </ClCompile>
    <ClCompile Include="..\_third_part\algorithm\audio\codec\opus\1.3.1\celt\entenc.cpp">
      <Filter>lib\celt</Filter>
    </ClCompile>
    <ClCompile Include="..\_third_part\algorithm\audio\codec\opus\1.3.1\celt\kiss_fft.cpp">
      <Filter>lib\celt</Filter>
    </ClCompile>
    <ClCompile Include="..\_third_part\algorithm\audio\codec\opus\1.3.1\celt\laplace.cpp">
      <Filter>lib\celt</Filter>
    </ClCompile>
    <ClCompile Include="..\_third_part\algorithm\audio\codec\opus\1.3.1\celt\mathops.cpp">
      <Filter>lib\celt</Filter>
    </ClCompile>
    <ClCompile Include="..\_third_part\algorithm\audio\codec\opus\1.3.1\celt\mdct.cpp">
      <Filter>lib\celt</Filter>
    </ClCompile>
    <ClCompile Include="..\_third_part\algorithm\audio\codec\opus\1.3.1\celt\modes.cpp">
      <Filter>lib\celt</Filter>
    </ClCompile>
    <ClCompile Include="..\_third_part\algorithm\audio\codec\opus\1.3.1\celt\pitch.cpp">
      <Filter>lib\celt</Filter>
    </ClCompile>
    <ClCompile Include="..\_third_part\algorithm\audio\codec\opus\1.3.1\celt\quant_bands.cpp">
      <Filter>lib\celt</Filter>
    </ClCompile>
    <ClCompile Include="..\_third_part\algorithm\audio\codec\opus\1.3.1\celt\rate.cpp">
      <Filter>lib\celt</Filter>
    </ClCompile>
    <ClCompile Include="..\_third_part\algorithm\audio\codec\opus\1.3.1\celt\vq.cpp">
      <Filter>lib\celt</Filter>
    </ClCompile>
  </ItemGroup>
</Project>