<?xml version="1.0" encoding="utf-8"?>
<Project ToolsVersion="4.0" xmlns="http://schemas.microsoft.com/developer/msbuild/2003">
  <ItemGroup>
    <Filter Include="lib">
      <UniqueIdentifier>{ce62a4e1-330f-44cf-bc65-2fcbe5bf86bd}</UniqueIdentifier>
    </Filter>
    <Filter Include="maf">
      <UniqueIdentifier>{03ff545e-dd44-4845-976a-2cad40b59409}</UniqueIdentifier>
    </Filter>
    <Filter Include="mtf">
      <UniqueIdentifier>{4cacdb8c-920a-48c5-ac63-a02a8f37380c}</UniqueIdentifier>
    </Filter>
  </ItemGroup>
  <ItemGroup>
    <ClCompile Include="ApeTest.cpp" />
    <ClCompile Include="..\_third_part\algorithm\MAF\interface\ape\MAFA.ApeDec.cpp">
      <Filter>maf</Filter>
    </ClCompile>
    <ClCompile Include="..\_third_part\algorithm\MTF\interface\ape\MTF.ApeDec.cpp">
      <Filter>mtf</Filter>
    </ClCompile>
    <ClCompile Include="..\_third_part\algorithm\audio\codec\ape\Ape.Inner.NNfilter.cpp">
      <Filter>lib</Filter>
    </ClCompile>
    <ClCompile Include="..\_third_part\algorithm\audio\codec\ape\Ape.Inner.prediction.cpp">
      <Filter>lib</Filter>
    </ClCompile>
    <ClCompile Include="..\_third_part\algorithm\audio\codec\ape\Ape.Inner.rangeCoder.cpp">
      <Filter>lib</Filter>
    </ClCompile>
    <ClCompile Include="..\_third_part\algorithm\audio\codec\ape\Ape.Inner.rollbuffer.cpp">
      <Filter>lib</Filter>
    </ClCompile>
    <ClCompile Include="..\_third_part\algorithm\audio\codec\ape\Ape.Inner.context.cpp">
      <Filter>lib</Filter>
    </ClCompile>
    <ClCompile Include="..\_third_part\algorithm\audio\codec\ape\Ape.Inner.decoder.cpp">
      <Filter>lib</Filter>
    </ClCompile>
    <ClCompile Include="..\_third_part\algorithm\MAF\interface\ape\MAFA.ApeDemux.cpp">
      <Filter>maf</Filter>
    </ClCompile>
    <ClCompile Include="..\_third_part\algorithm\MTF\interface\ape\MTF.ApeDemux.cpp">
      <Filter>mtf</Filter>
    </ClCompile>
    <ClCompile Include="..\_third_part\algorithm\audio\codec\ape\ApeDemux.cpp">
      <Filter>lib</Filter>
    </ClCompile>
    <ClCompile Include="..\_third_part\algorithm\audio\codec\ape\ApeDec.cpp">
      <Filter>lib</Filter>
    </ClCompile>
  </ItemGroup>
  <ItemGroup>
    <ClInclude Include="ApeTest.h" />
    <ClInclude Include="..\_third_part\algorithm\MAF\interface\ape\MAFA.ApeDec.h">
      <Filter>maf</Filter>
    </ClInclude>
    <ClInclude Include="..\_third_part\algorithm\MTF\interface\ape\MTF.ApeDec.h">
      <Filter>mtf</Filter>
    </ClInclude>
    <ClInclude Include="..\_third_part\algorithm\audio\codec\ape\Ape.Inner.NNfilter.h">
      <Filter>lib</Filter>
    </ClInclude>
    <ClInclude Include="..\_third_part\algorithm\audio\codec\ape\Ape.Inner.prediction.h">
      <Filter>lib</Filter>
    </ClInclude>
    <ClInclude Include="..\_third_part\algorithm\audio\codec\ape\Ape.Inner.rangeCoder.h">
      <Filter>lib</Filter>
    </ClInclude>
    <ClInclude Include="..\_third_part\algorithm\audio\codec\ape\Ape.Inner.rollbuffer.h">
      <Filter>lib</Filter>
    </ClInclude>
    <ClInclude Include="..\_third_part\algorithm\audio\codec\ape\Ape.Inner.basic.h">
      <Filter>lib</Filter>
    </ClInclude>
    <ClInclude Include="..\_third_part\algorithm\audio\codec\ape\Ape.Inner.bufferread.h">
      <Filter>lib</Filter>
    </ClInclude>
    <ClInclude Include="..\_third_part\algorithm\audio\codec\ape\Ape.Inner.context.h">
      <Filter>lib</Filter>
    </ClInclude>
    <ClInclude Include="..\_third_part\algorithm\audio\codec\ape\Ape.Inner.decoder.h">
      <Filter>lib</Filter>
    </ClInclude>
    <ClInclude Include="..\_third_part\algorithm\audio\codec\ape\Ape.Inner.demuxer.h">
      <Filter>lib</Filter>
    </ClInclude>
    <ClInclude Include="..\_third_part\algorithm\MAF\interface\ape\MAFA.ApeDemux.h">
      <Filter>maf</Filter>
    </ClInclude>
    <ClInclude Include="..\_third_part\algorithm\MTF\interface\ape\MTF.ApeDemux.h">
      <Filter>mtf</Filter>
    </ClInclude>
    <ClInclude Include="..\_third_part\algorithm\audio\codec\ape\ApeDec.h">
      <Filter>lib</Filter>
    </ClInclude>
    <ClInclude Include="..\_third_part\algorithm\audio\codec\ape\ApeDemux.h">
      <Filter>lib</Filter>
    </ClInclude>
    <ClInclude Include="..\_third_part\algorithm\audio\codec\ape\ApeCom.h">
      <Filter>lib</Filter>
    </ClInclude>
  </ItemGroup>
</Project>