<?xml version="1.0" encoding="utf-8"?>
<Project ToolsVersion="4.0" xmlns="http://schemas.microsoft.com/developer/msbuild/2003">
  <ItemGroup>
    <ClCompile Include="SbcTest.cpp" />
    <ClCompile Include="..\_third_part\MTF\interface\sbc\MTF.SbcEnc.cpp">
      <Filter>mtf</Filter>
    </ClCompile>
    <ClCompile Include="..\_third_part\MTF\interface\sbc\MTF.SbcDec.cpp">
      <Filter>mtf</Filter>
    </ClCompile>
    <ClCompile Include="..\_third_part\MAF\interface\sbc\MAFA.SbcDec.cpp">
      <Filter>maf</Filter>
    </ClCompile>
    <ClCompile Include="..\_third_part\MAF\interface\sbc\MAFA.SbcEnc.cpp">
      <Filter>maf</Filter>
    </ClCompile>
    <ClCompile Include="..\_third_part\algorithm\audio\codec\sbc\now\SbcDec.cpp">
      <Filter>lib</Filter>
    </ClCompile>
    <ClCompile Include="..\_third_part\algorithm\audio\codec\sbc\now\SbcDec.Band4.cpp">
      <Filter>lib</Filter>
    </ClCompile>
    <ClCompile Include="..\_third_part\algorithm\audio\codec\sbc\now\SbcDec.Band8.cpp">
      <Filter>lib</Filter>
    </ClCompile>
    <ClCompile Include="..\_third_part\algorithm\audio\codec\sbc\now\SbcDec.Sbsamples.cpp">
      <Filter>lib</Filter>
    </ClCompile>
    <ClCompile Include="..\_third_part\algorithm\audio\codec\sbc\now\SbcEnc.Interface.cpp">
      <Filter>lib</Filter>
    </ClCompile>
    <ClCompile Include="..\_third_part\algorithm\audio\codec\sbc\now\SbcEnc.Band4.cpp">
      <Filter>lib</Filter>
    </ClCompile>
    <ClCompile Include="..\_third_part\algorithm\audio\codec\sbc\now\SbcEnc.Band8.cpp">
      <Filter>lib</Filter>
    </ClCompile>
    <ClCompile Include="..\_third_part\algorithm\audio\codec\sbc\now\SbcEnc.HeaderMake.cpp">
      <Filter>lib</Filter>
    </ClCompile>
    <ClCompile Include="..\_third_part\algorithm\audio\codec\sbc\now\SbcEnc.Quant.cpp">
      <Filter>lib</Filter>
    </ClCompile>
    <ClCompile Include="..\_third_part\algorithm\audio\codec\sbc\now\SbcEnc.ScaleFactor.cpp">
      <Filter>lib</Filter>
    </ClCompile>
    <ClCompile Include="..\_third_part\algorithm\audio\codec\sbc\now\SbcCom.BitsAlloc.cpp">
      <Filter>lib</Filter>
    </ClCompile>
    <ClCompile Include="..\_third_part\algorithm\audio\codec\sbc\now\SbcEnc.cpp">
      <Filter>lib</Filter>
    </ClCompile>
    <ClCompile Include="..\_third_part\algorithm\audio\codec\sbc\now\SbcCom.CRC.cpp">
      <Filter>lib</Filter>
    </ClCompile>
    <ClCompile Include="..\_third_part\algorithm\audio\codec\sbc\now\SbcCom.cpp">
      <Filter>lib</Filter>
    </ClCompile>
    <ClCompile Include="..\_third_part\algorithm\audio\codec\sbc\now\SbcDec.Interface.cpp">
      <Filter>lib</Filter>
    </ClCompile>
  </ItemGroup>
  <ItemGroup>
    <ClInclude Include="SbcTest.h" />
    <ClInclude Include="..\_third_part\MTF\interface\sbc\MTF.SbcDec.h">
      <Filter>mtf</Filter>
    </ClInclude>
    <ClInclude Include="..\_third_part\MTF\interface\sbc\MTF.SbcEnc.h">
      <Filter>mtf</Filter>
    </ClInclude>
    <ClInclude Include="..\_third_part\MAF\interface\sbc\MAFA.SbcEnc.h">
      <Filter>maf</Filter>
    </ClInclude>
    <ClInclude Include="..\_third_part\MAF\interface\sbc\MAFA.SbcDec.h">
      <Filter>maf</Filter>
    </ClInclude>
    <ClInclude Include="..\_third_part\algorithm\audio\codec\sbc\now\inc\SbcEnc.Interface.h">
      <Filter>lib\inc</Filter>
    </ClInclude>
    <ClInclude Include="..\_third_part\algorithm\audio\codec\sbc\now\SbcCom.h">
      <Filter>lib</Filter>
    </ClInclude>
    <ClInclude Include="..\_third_part\algorithm\audio\codec\sbc\now\BitStream.h">
      <Filter>lib</Filter>
    </ClInclude>
    <ClInclude Include="..\_third_part\algorithm\audio\codec\sbc\now\SbcEnc.h">
      <Filter>lib</Filter>
    </ClInclude>
    <ClInclude Include="..\_third_part\algorithm\audio\codec\sbc\now\inc\SbcDec.Interface.h">
      <Filter>lib\inc</Filter>
    </ClInclude>
    <ClInclude Include="..\_third_part\algorithm\audio\codec\sbc\now\SbcDec.h">
      <Filter>lib</Filter>
    </ClInclude>
  </ItemGroup>
  <ItemGroup>
    <Filter Include="lib">
      <UniqueIdentifier>{b389aca5-4e86-4886-a170-41680765a2a7}</UniqueIdentifier>
    </Filter>
    <Filter Include="maf">
      <UniqueIdentifier>{f48788de-108a-4526-b4a0-3fea0f057fa3}</UniqueIdentifier>
    </Filter>
    <Filter Include="mtf">
      <UniqueIdentifier>{21881b44-ecfe-4a44-8f1b-f565e7dca603}</UniqueIdentifier>
    </Filter>
    <Filter Include="lib\inc">
      <UniqueIdentifier>{212f46c2-d297-47c0-bcd5-6537d792395a}</UniqueIdentifier>
    </Filter>
  </ItemGroup>
</Project>